
Microsoft Visual Studio Solution File, Format Version 12.00
# Visual Studio Version 16
VisualStudioVersion = 16.0.29326.143
MinimumVisualStudioVersion = 10.0.40219.1
Project("{FAE04EC0-301F-11D3-BF4B-00C04F79EFBC}") = "1_first_file", "1_first_file\1_first_file.csproj", "{9D4D9A33-1DCF-4DF2-8C70-1BF7BC008EBC}"
EndProject
Global
	GlobalSection(SolutionConfigurationPlatforms) = preSolution
		Debug|Any CPU = Debug|Any CPU
		Release|Any CPU = Release|Any CPU
	EndGlobalSection
	GlobalSection(ProjectConfigurationPlatforms) = postSolution
		{9D4D9A33-1DCF-4DF2-8C70-1BF7BC008EBC}.Debug|Any CPU.ActiveCfg = Debug|Any CPU
		{9D4D9A33-1DCF-4DF2-8C70-1BF7BC008EBC}.Debug|Any CPU.Build.0 = Debug|Any CPU
		{9D4D9A33-1DCF-4DF2-8C70-1BF7BC008EBC}.Release|Any CPU.ActiveCfg = Release|Any CPU
		{9D4D9A33-1DCF-4DF2-8C70-1BF7BC008EBC}.Release|Any CPU.Build.0 = Release|Any CPU
	EndGlobalSection
	GlobalSection(SolutionProperties) = preSolution
		HideSolutionNode = FALSE
	EndGlobalSection
	GlobalSection(ExtensibilityGlobals) = postSolution
		SolutionGuid = {BE363FCE-1F7E-455D-BA8E-8C975DA63189}
	EndGlobalSection
EndGlobal
